
Microsoft Visual Studio Solution File, Format Version 12.00
# Visual Studio Version 16
VisualStudioVersion = 16.0.29311.281
MinimumVisualStudioVersion = 10.0.40219.1
Project("{FAE04EC0-301F-11D3-BF4B-00C04F79EFBC}") = "Photoblog", "Photoblog\Photoblog.csproj", "{1863CB05-78EF-4B0C-9415-AA6E532686FC}"
EndProject
Global
	GlobalSection(SolutionConfigurationPlatforms) = preSolution
		Debug|Any CPU = Debug|Any CPU
		Release|Any CPU = Release|Any CPU
	EndGlobalSection
	GlobalSection(ProjectConfigurationPlatforms) = postSolution
		{1863CB05-78EF-4B0C-9415-AA6E532686FC}.Debug|Any CPU.ActiveCfg = Debug|Any CPU
		{1863CB05-78EF-4B0C-9415-AA6E532686FC}.Debug|Any CPU.Build.0 = Debug|Any CPU
		{1863CB05-78EF-4B0C-9415-AA6E532686FC}.Release|Any CPU.ActiveCfg = Release|Any CPU
		{1863CB05-78EF-4B0C-9415-AA6E532686FC}.Release|Any CPU.Build.0 = Release|Any CPU
	EndGlobalSection
	GlobalSection(SolutionProperties) = preSolution
		HideSolutionNode = FALSE
	EndGlobalSection
	GlobalSection(ExtensibilityGlobals) = postSolution
		SolutionGuid = {54DED4A6-EB34-4676-998B-0AA70190B2CE}
	EndGlobalSection
EndGlobal
