
Microsoft Visual Studio Solution File, Format Version 12.00
# Visual Studio Version 16
VisualStudioVersion = 16.0.29311.281
MinimumVisualStudioVersion = 10.0.40219.1
Project("{9A19103F-16F7-4668-BE54-9A1E7A4F7556}") = "Photoblog", "Photoblog\Photoblog.csproj", "{1863CB05-78EF-4B0C-9415-AA6E532686FC}"
EndProject
Project("{9A19103F-16F7-4668-BE54-9A1E7A4F7556}") = "PhotoblogInfrastructure", "PhotoblogInfrastructure\PhotoblogInfrastructure.csproj", "{46C734FD-3F66-4819-8309-C10DBF965F90}"
EndProject
Project("{9A19103F-16F7-4668-BE54-9A1E7A4F7556}") = "PhotoBlogDataAccessCLI", "PhotoBlogDataAccessCLI\PhotoBlogDataAccessCLI.csproj", "{4D5038EE-5BAC-49EA-BB13-F2D596911845}"
EndProject
Global
	GlobalSection(SolutionConfigurationPlatforms) = preSolution
		Debug|Any CPU = Debug|Any CPU
		Release|Any CPU = Release|Any CPU
	EndGlobalSection
	GlobalSection(ProjectConfigurationPlatforms) = postSolution
		{1863CB05-78EF-4B0C-9415-AA6E532686FC}.Debug|Any CPU.ActiveCfg = Debug|Any CPU
		{1863CB05-78EF-4B0C-9415-AA6E532686FC}.Debug|Any CPU.Build.0 = Debug|Any CPU
		{1863CB05-78EF-4B0C-9415-AA6E532686FC}.Release|Any CPU.ActiveCfg = Release|Any CPU
		{1863CB05-78EF-4B0C-9415-AA6E532686FC}.Release|Any CPU.Build.0 = Release|Any CPU
		{46C734FD-3F66-4819-8309-C10DBF965F90}.Debug|Any CPU.ActiveCfg = Debug|Any CPU
		{46C734FD-3F66-4819-8309-C10DBF965F90}.Debug|Any CPU.Build.0 = Debug|Any CPU
		{46C734FD-3F66-4819-8309-C10DBF965F90}.Release|Any CPU.ActiveCfg = Release|Any CPU
		{46C734FD-3F66-4819-8309-C10DBF965F90}.Release|Any CPU.Build.0 = Release|Any CPU
		{4D5038EE-5BAC-49EA-BB13-F2D596911845}.Debug|Any CPU.ActiveCfg = Debug|Any CPU
		{4D5038EE-5BAC-49EA-BB13-F2D596911845}.Debug|Any CPU.Build.0 = Debug|Any CPU
		{4D5038EE-5BAC-49EA-BB13-F2D596911845}.Release|Any CPU.ActiveCfg = Release|Any CPU
		{4D5038EE-5BAC-49EA-BB13-F2D596911845}.Release|Any CPU.Build.0 = Release|Any CPU
		{97816BBB-EBBC-431C-92A3-E99E05D7EACE}.Debug|Any CPU.ActiveCfg = Debug|Any CPU
		{97816BBB-EBBC-431C-92A3-E99E05D7EACE}.Debug|Any CPU.Build.0 = Debug|Any CPU
		{97816BBB-EBBC-431C-92A3-E99E05D7EACE}.Release|Any CPU.ActiveCfg = Release|Any CPU
		{97816BBB-EBBC-431C-92A3-E99E05D7EACE}.Release|Any CPU.Build.0 = Release|Any CPU
	EndGlobalSection
	GlobalSection(SolutionProperties) = preSolution
		HideSolutionNode = FALSE
	EndGlobalSection
	GlobalSection(ExtensibilityGlobals) = postSolution
		SolutionGuid = {54DED4A6-EB34-4676-998B-0AA70190B2CE}
	EndGlobalSection
EndGlobal
